{
  "nodes": {
    "home-manager": {
      "inputs": {
        "nixpkgs": [
          "nixpkgs"
        ],
        "utils": "utils"
      },
      "locked": {
        "lastModified": 1676933022,
        "narHash": "sha256-gLghsEHOy2W2ZmSwqNOyj2mSHe9SMpdcbqnoySlZnmY=",
        "owner": "nix-community",
        "repo": "home-manager",
        "rev": "5e889b385c43a8a72ada5ebc4888bbebb129b438",
        "type": "github"
      },
      "original": {
        "owner": "nix-community",
        "repo": "home-manager",
        "type": "github"
      }
    },
    "home-manager-phone": {
      "inputs": {
        "nixpkgs": [
          "nixpkgs-phone"
        ],
        "utils": "utils_2"
      },
      "locked": {
        "lastModified": 1676933022,
        "narHash": "sha256-gLghsEHOy2W2ZmSwqNOyj2mSHe9SMpdcbqnoySlZnmY=",
        "owner": "nix-community",
        "repo": "home-manager",
        "rev": "5e889b385c43a8a72ada5ebc4888bbebb129b438",
        "type": "github"
      },
      "original": {
        "owner": "nix-community",
        "repo": "home-manager",
        "type": "github"
      }
    },
    "mobile-nixos": {
      "flake": false,
      "locked": {
        "lastModified": 1653945435,
        "narHash": "sha256-pD7Om1ocnUiNyZZgh+jbD6ZKHwu5NqSIZZ2pxLroddk=",
        "owner": "samueldr-wip",
        "repo": "mobile-nixos-wip",
        "rev": "e8ffe9b29c74e27c25f55161c6e952ef97870c3e",
        "type": "github"
      },
      "original": {
        "owner": "samueldr-wip",
        "ref": "wip/pinephone-pro",
        "repo": "mobile-nixos-wip",
        "type": "github"
      }
    },
    "nixpkgs": {
      "locked": {
        "lastModified": 1676885936,
        "narHash": "sha256-ZRKb6zBfTvdCOXI7nGC1L9UWSU5ay2ltxg+f5UIzBOU=",
        "owner": "NixOS",
        "repo": "nixpkgs",
        "rev": "b69883faca9542d135fa6bab7928ff1b233c167f",
        "type": "github"
      },
      "original": {
        "owner": "NixOS",
        "ref": "nixos-unstable",
        "repo": "nixpkgs",
        "type": "github"
      }
    },
    "nixpkgs-activitywatch": {
      "locked": {
        "lastModified": 1655841786,
        "narHash": "sha256-MDeEaGLExYlr3JLVROqJA6C8l6GcWN5Ur3blvkJqDA4=",
        "owner": "cameronfyfe",
        "repo": "nixpkgs",
        "rev": "afd8074f97e9f809f63d8078db87a49af0913e48",
        "type": "github"
      },
      "original": {
        "owner": "cameronfyfe",
        "ref": "activitywatch",
        "repo": "nixpkgs",
        "type": "github"
      }
    },
    "nixpkgs-git-repo-manager": {
      "locked": {
        "lastModified": 1678670088,
        "narHash": "sha256-dA3uofvwZIrmC2nlWYVp7DDgmHAG/Gg2UggpK4yXhao=",
        "owner": "cameronfyfe",
        "repo": "nixpkgs",
        "rev": "dcfc488c00e99f79345e4c12ea27a37cb349c329",
        "type": "github"
      },
      "original": {
        "owner": "cameronfyfe",
        "ref": "add-git-repo-manager",
        "repo": "nixpkgs",
        "type": "github"
      }
    },
    "nixpkgs-phone": {
      "locked": {
        "lastModified": 1676885936,
        "narHash": "sha256-ZRKb6zBfTvdCOXI7nGC1L9UWSU5ay2ltxg+f5UIzBOU=",
        "owner": "NixOS",
        "repo": "nixpkgs",
        "rev": "b69883faca9542d135fa6bab7928ff1b233c167f",
        "type": "github"
      },
      "original": {
        "owner": "NixOS",
        "ref": "nixos-unstable",
        "repo": "nixpkgs",
        "type": "github"
      }
    },
    "nixpkgs-scrutiny": {
      "locked": {
        "lastModified": 1678674221,
        "narHash": "sha256-RY3QZ3CON5xSZj/HzOdrfW/gwDGk4tJAG+Y1F6smlTU=",
        "owner": "cameronfyfe",
        "repo": "nixpkgs",
        "rev": "ef1001cc45b3d8cf7d3ced8e8095f2b50812c3d7",
        "type": "github"
      },
      "original": {
        "owner": "cameronfyfe",
        "ref": "add-scrutiny",
        "repo": "nixpkgs",
        "type": "github"
      }
    },
    "root": {
      "inputs": {
        "home-manager": "home-manager",
        "home-manager-phone": "home-manager-phone",
        "mobile-nixos": "mobile-nixos",
        "nixpkgs": "nixpkgs",
        "nixpkgs-activitywatch": "nixpkgs-activitywatch",
        "nixpkgs-git-repo-manager": "nixpkgs-git-repo-manager",
        "nixpkgs-phone": "nixpkgs-phone",
        "nixpkgs-scrutiny": "nixpkgs-scrutiny"
      }
    },
    "utils": {
      "locked": {
        "lastModified": 1667395993,
        "narHash": "sha256-nuEHfE/LcWyuSWnS8t12N1wc105Qtau+/OdUAjtQ0rA=",
        "owner": "numtide",
        "repo": "flake-utils",
        "rev": "5aed5285a952e0b949eb3ba02c12fa4fcfef535f",
        "type": "github"
      },
      "original": {
        "owner": "numtide",
        "repo": "flake-utils",
        "type": "github"
      }
    },
    "utils_2": {
      "locked": {
        "lastModified": 1667395993,
        "narHash": "sha256-nuEHfE/LcWyuSWnS8t12N1wc105Qtau+/OdUAjtQ0rA=",
        "owner": "numtide",
        "repo": "flake-utils",
        "rev": "5aed5285a952e0b949eb3ba02c12fa4fcfef535f",
        "type": "github"
      },
      "original": {
        "owner": "numtide",
        "repo": "flake-utils",
        "type": "github"
      }
    }
  },
  "root": "root",
  "version": 7
}
