{
  "nodes": {
    "home-manager": {
      "inputs": {
        "nixpkgs": [
          "nixpkgs"
        ]
      },
      "locked": {
        "lastModified": 1643066491,
        "narHash": "sha256-wIgqFCJ6v7COpgNY0lMHDnU9RP2dJgasa2jKkB0zhWw=",
        "owner": "nix-community",
        "repo": "home-manager",
        "rev": "462d4a7abdfb8cb762584745a480ad01c207570e",
        "type": "github"
      },
      "original": {
        "owner": "nix-community",
        "repo": "home-manager",
        "type": "github"
      }
    },
    "home-manager-phone": {
      "inputs": {
        "nixpkgs": [
          "nixpkgs-phone"
        ]
      },
      "locked": {
        "lastModified": 1654113406,
        "narHash": "sha256-70esZvhal+FsyU89mJRcAb+cDGHKt0sgZ6MlRr9Cplg=",
        "owner": "nix-community",
        "repo": "home-manager",
        "rev": "684e85d01d333be91c4875baebb05b93c7d2ffaa",
        "type": "github"
      },
      "original": {
        "owner": "nix-community",
        "repo": "home-manager",
        "type": "github"
      }
    },
    "mobile-nixos": {
      "flake": false,
      "locked": {
        "lastModified": 1653945435,
        "narHash": "sha256-pD7Om1ocnUiNyZZgh+jbD6ZKHwu5NqSIZZ2pxLroddk=",
        "owner": "samueldr-wip",
        "repo": "mobile-nixos-wip",
        "rev": "e8ffe9b29c74e27c25f55161c6e952ef97870c3e",
        "type": "github"
      },
      "original": {
        "owner": "samueldr-wip",
        "ref": "wip/pinephone-pro",
        "repo": "mobile-nixos-wip",
        "type": "github"
      }
    },
    "nixpkgs": {
      "locked": {
        "lastModified": 1655624069,
        "narHash": "sha256-7g1zwTdp35GMTERnSzZMWJ7PG3QdDE8VOX3WsnOkAtM=",
        "owner": "NixOS",
        "repo": "nixpkgs",
        "rev": "0d68d7c857fe301d49cdcd56130e0beea4ecd5aa",
        "type": "github"
      },
      "original": {
        "owner": "NixOS",
        "ref": "nixos-unstable",
        "repo": "nixpkgs",
        "type": "github"
      }
    },
    "nixpkgs-activitywatch": {
      "locked": {
        "lastModified": 1655832861,
        "narHash": "sha256-sASYy80R1nRXw9FuMQInf6zXWZmMRJe43sGcJ5GwKb0=",
        "owner": "cameronfyfe",
        "repo": "nixpkgs",
        "rev": "bc91c2ceb706a87ef3f23e04576ce3639b9d0f39",
        "type": "github"
      },
      "original": {
        "owner": "cameronfyfe",
        "ref": "activitywatch",
        "repo": "nixpkgs",
        "type": "github"
      }
    },
    "nixpkgs-phone": {
      "locked": {
        "lastModified": 1653931853,
        "narHash": "sha256-O3wncIouj9x7gBPntzHeK/Hkmm9M1SGlYq7JI7saTAE=",
        "owner": "NixOS",
        "repo": "nixpkgs",
        "rev": "f1c167688a6f81f4a51ab542e5f476c8c595e457",
        "type": "github"
      },
      "original": {
        "owner": "NixOS",
        "ref": "nixos-unstable",
        "repo": "nixpkgs",
        "type": "github"
      }
    },
    "root": {
      "inputs": {
        "home-manager": "home-manager",
        "home-manager-phone": "home-manager-phone",
        "mobile-nixos": "mobile-nixos",
        "nixpkgs": "nixpkgs",
        "nixpkgs-activitywatch": "nixpkgs-activitywatch",
        "nixpkgs-phone": "nixpkgs-phone"
      }
    }
  },
  "root": "root",
  "version": 7
}
